
Microsoft Visual Studio Solution File, Format Version 12.00
# Visual Studio Version 16
VisualStudioVersion = 16.0.31424.327
MinimumVisualStudioVersion = 10.0.40219.1
Project("{FAE04EC0-301F-11D3-BF4B-00C04F79EFBC}") = "ContactApp.Api", "ContactApp.Api\ContactApp.Api.csproj", "{3FAF699A-5C39-4A89-B217-F3086476008F}"
EndProject
Project("{FAE04EC0-301F-11D3-BF4B-00C04F79EFBC}") = "ContactApp.Repository", "ContactApp.Repository\ContactApp.Repository.csproj", "{9F4A636C-E293-47E8-9FA8-EFE444E47B18}"
EndProject
Global
	GlobalSection(SolutionConfigurationPlatforms) = preSolution
		Debug|Any CPU = Debug|Any CPU
		Release|Any CPU = Release|Any CPU
	EndGlobalSection
	GlobalSection(ProjectConfigurationPlatforms) = postSolution
		{3FAF699A-5C39-4A89-B217-F3086476008F}.Debug|Any CPU.ActiveCfg = Debug|Any CPU
		{3FAF699A-5C39-4A89-B217-F3086476008F}.Debug|Any CPU.Build.0 = Debug|Any CPU
		{3FAF699A-5C39-4A89-B217-F3086476008F}.Release|Any CPU.ActiveCfg = Release|Any CPU
		{3FAF699A-5C39-4A89-B217-F3086476008F}.Release|Any CPU.Build.0 = Release|Any CPU
		{9F4A636C-E293-47E8-9FA8-EFE444E47B18}.Debug|Any CPU.ActiveCfg = Debug|Any CPU
		{9F4A636C-E293-47E8-9FA8-EFE444E47B18}.Debug|Any CPU.Build.0 = Debug|Any CPU
		{9F4A636C-E293-47E8-9FA8-EFE444E47B18}.Release|Any CPU.ActiveCfg = Release|Any CPU
		{9F4A636C-E293-47E8-9FA8-EFE444E47B18}.Release|Any CPU.Build.0 = Release|Any CPU
	EndGlobalSection
	GlobalSection(SolutionProperties) = preSolution
		HideSolutionNode = FALSE
	EndGlobalSection
	GlobalSection(ExtensibilityGlobals) = postSolution
		SolutionGuid = {FBF36F88-1394-457C-A5E6-0D2C81F1AD41}
	EndGlobalSection
EndGlobal
